// !$*UTF8*$!
{
	archiveVersion = 1;
	classes = {
	};
	objectVersion = 50;
	objects = {

/* Begin PBXBuildFile section */
		2CD5019822FBF07B0084BB83 /* AppDelegate.m in Sources */ = {isa = PBXBuildFile; fileRef = 2CD5019722FBF07B0084BB83 /* AppDelegate.m */; };
		2CD5019B22FBF07B0084BB83 /* ViewController.m in Sources */ = {isa = PBXBuildFile; fileRef = 2CD5019A22FBF07B0084BB83 /* ViewController.m */; };
		2CD5019E22FBF07B0084BB83 /* Main.storyboard in Resources */ = {isa = PBXBuildFile; fileRef = 2CD5019C22FBF07B0084BB83 /* Main.storyboard */; };
		2CD501A022FBF07C0084BB83 /* Assets.xcassets in Resources */ = {isa = PBXBuildFile; fileRef = 2CD5019F22FBF07C0084BB83 /* Assets.xcassets */; };
		2CD501A322FBF07C0084BB83 /* LaunchScreen.storyboard in Resources */ = {isa = PBXBuildFile; fileRef = 2CD501A122FBF07C0084BB83 /* LaunchScreen.storyboard */; };
		2CD501A622FBF07C0084BB83 /* main.m in Sources */ = {isa = PBXBuildFile; fileRef = 2CD501A522FBF07C0084BB83 /* main.m */; };
/* End PBXBuildFile section */

/* Begin PBXFileReference section */
		2CD5019322FBF07B0084BB83 /* DispatchGroup+DispatchSemaphoreDemo.app */ = {isa = PBXFileReference; explicitFileType = wrapper.application; includeInIndex = 0; path = "DispatchGroup+DispatchSemaphoreDemo.app"; sourceTree = BUILT_PRODUCTS_DIR; };
		2CD5019622FBF07B0084BB83 /* AppDelegate.h */ = {isa = PBXFileReference; lastKnownFileType = sourcecode.c.h; path = AppDelegate.h; sourceTree = "<group>"; };
		2CD5019722FBF07B0084BB83 /* AppDelegate.m */ = {isa = PBXFileReference; lastKnownFileType = sourcecode.c.objc; path = AppDelegate.m; sourceTree = "<group>"; };
		2CD5019922FBF07B0084BB83 /* ViewController.h */ = {isa = PBXFileReference; lastKnownFileType = sourcecode.c.h; path = ViewController.h; sourceTree = "<group>"; };
		2CD5019A22FBF07B0084BB83 /* ViewController.m */ = {isa = PBXFileReference; lastKnownFileType = sourcecode.c.objc; path = ViewController.m; sourceTree = "<group>"; };
		2CD5019D22FBF07B0084BB83 /* Base */ = {isa = PBXFileReference; lastKnownFileType = file.storyboard; name = Base; path = Base.lproj/Main.storyboard; sourceTree = "<group>"; };
		2CD5019F22FBF07C0084BB83 /* Assets.xcassets */ = {isa = PBXFileReference; lastKnownFileType = folder.assetcatalog; path = Assets.xcassets; sourceTree = "<group>"; };
		2CD501A222FBF07C0084BB83 /* Base */ = {isa = PBXFileReference; lastKnownFileType = file.storyboard; name = Base; path = Base.lproj/LaunchScreen.storyboard; sourceTree = "<group>"; };
		2CD501A422FBF07C0084BB83 /* Info.plist */ = {isa = PBXFileReference; lastKnownFileType = text.plist.xml; path = Info.plist; sourceTree = "<group>"; };
		2CD501A522FBF07C0084BB83 /* main.m */ = {isa = PBXFileReference; lastKnownFileType = sourcecode.c.objc; path = main.m; sourceTree = "<group>"; };
/* End PBXFileReference section */

/* Begin PBXFrameworksBuildPhase section */
		2CD5019022FBF07B0084BB83 /* Frameworks */ = {
			isa = PBXFrameworksBuildPhase;
			buildActionMask = 2147483647;
			files = (
			);
			runOnlyForDeploymentPostprocessing = 0;
		};
/* End PBXFrameworksBuildPhase section */

/* Begin PBXGroup section */
		2CD5018A22FBF07B0084BB83 = {
			isa = PBXGroup;
			children = (
				2CD5019522FBF07B0084BB83 /* DispatchGroup+DispatchSemaphoreDemo */,
				2CD5019422FBF07B0084BB83 /* Products */,
			);
			sourceTree = "<group>";
		};
		2CD5019422FBF07B0084BB83 /* Products */ = {
			isa = PBXGroup;
			children = (
				2CD5019322FBF07B0084BB83 /* DispatchGroup+DispatchSemaphoreDemo.app */,
			);
			name = Products;
			sourceTree = "<group>";
		};
		2CD5019522FBF07B0084BB83 /* DispatchGroup+DispatchSemaphoreDemo */ = {
			isa = PBXGroup;
			children = (
				2CD5019622FBF07B0084BB83 /* AppDelegate.h */,
				2CD5019722FBF07B0084BB83 /* AppDelegate.m */,
				2CD5019922FBF07B0084BB83 /* ViewController.h */,
				2CD5019A22FBF07B0084BB83 /* ViewController.m */,
				2CD5019C22FBF07B0084BB83 /* Main.storyboard */,
				2CD5019F22FBF07C0084BB83 /* Assets.xcassets */,
				2CD501A122FBF07C0084BB83 /* LaunchScreen.storyboard */,
				2CD501A422FBF07C0084BB83 /* Info.plist */,
				2CD501A522FBF07C0084BB83 /* main.m */,
			);
			path = "DispatchGroup+DispatchSemaphoreDemo";
			sourceTree = "<group>";
		};
/* End PBXGroup section */

/* Begin PBXNativeTarget section */
		2CD5019222FBF07B0084BB83 /* DispatchGroup+DispatchSemaphoreDemo */ = {
			isa = PBXNativeTarget;
			buildConfigurationList = 2CD501A922FBF07C0084BB83 /* Build configuration list for PBXNativeTarget "DispatchGroup+DispatchSemaphoreDemo" */;
			buildPhases = (
				2CD5018F22FBF07B0084BB83 /* Sources */,
				2CD5019022FBF07B0084BB83 /* Frameworks */,
				2CD5019122FBF07B0084BB83 /* Resources */,
			);
			buildRules = (
			);
			dependencies = (
			);
			name = "DispatchGroup+DispatchSemaphoreDemo";
			productName = "DispatchGroup+DispatchSemaphoreDemo";
			productReference = 2CD5019322FBF07B0084BB83 /* DispatchGroup+DispatchSemaphoreDemo.app */;
			productType = "com.apple.product-type.application";
		};
/* End PBXNativeTarget section */

/* Begin PBXProject section */
		2CD5018B22FBF07B0084BB83 /* Project object */ = {
			isa = PBXProject;
			attributes = {
				LastUpgradeCheck = 1020;
				ORGANIZATIONNAME = jin10;
				TargetAttributes = {
					2CD5019222FBF07B0084BB83 = {
						CreatedOnToolsVersion = 10.2.1;
					};
				};
			};
			buildConfigurationList = 2CD5018E22FBF07B0084BB83 /* Build configuration list for PBXProject "DispatchGroup+DispatchSemaphoreDemo" */;
			compatibilityVersion = "Xcode 9.3";
			developmentRegion = en;
			hasScannedForEncodings = 0;
			knownRegions = (
				en,
				Base,
			);
			mainGroup = 2CD5018A22FBF07B0084BB83;
			productRefGroup = 2CD5019422FBF07B0084BB83 /* Products */;
			projectDirPath = "";
			projectRoot = "";
			targets = (
				2CD5019222FBF07B0084BB83 /* DispatchGroup+DispatchSemaphoreDemo */,
			);
		};
/* End PBXProject section */

/* Begin PBXResourcesBuildPhase section */
		2CD5019122FBF07B0084BB83 /* Resources */ = {
			isa = PBXResourcesBuildPhase;
			buildActionMask = 2147483647;
			files = (
				2CD501A322FBF07C0084BB83 /* LaunchScreen.storyboard in Resources */,
				2CD501A022FBF07C0084BB83 /* Assets.xcassets in Resources */,
				2CD5019E22FBF07B0084BB83 /* Main.storyboard in Resources */,
			);
			runOnlyForDeploymentPostprocessing = 0;
		};
/* End PBXResourcesBuildPhase section */

/* Begin PBXSourcesBuildPhase section */
		2CD5018F22FBF07B0084BB83 /* Sources */ = {
			isa = PBXSourcesBuildPhase;
			buildActionMask = 2147483647;
			files = (
				2CD5019B22FBF07B0084BB83 /* ViewController.m in Sources */,
				2CD501A622FBF07C0084BB83 /* main.m in Sources */,
				2CD5019822FBF07B0084BB83 /* AppDelegate.m in Sources */,
			);
			runOnlyForDeploymentPostprocessing = 0;
		};
/* End PBXSourcesBuildPhase section */

/* Begin PBXVariantGroup section */
		2CD5019C22FBF07B0084BB83 /* Main.storyboard */ = {
			isa = PBXVariantGroup;
			children = (
				2CD5019D22FBF07B0084BB83 /* Base */,
			);
			name = Main.storyboard;
			sourceTree = "<group>";
		};
		2CD501A122FBF07C0084BB83 /* LaunchScreen.storyboard */ = {
			isa = PBXVariantGroup;
			children = (
				2CD501A222FBF07C0084BB83 /* Base */,
			);
			name = LaunchScreen.storyboard;
			sourceTree = "<group>";
		};
/* End PBXVariantGroup section */

/* Begin XCBuildConfiguration section */
		2CD501A722FBF07C0084BB83 /* Debug */ = {
			isa = XCBuildConfiguration;
			buildSettings = {
				ALWAYS_SEARCH_USER_PATHS = NO;
				CLANG_ANALYZER_NONNULL = YES;
				CLANG_ANALYZER_NUMBER_OBJECT_CONVERSION = YES_AGGRESSIVE;
				CLANG_CXX_LANGUAGE_STANDARD = "gnu++14";
				CLANG_CXX_LIBRARY = "libc++";
				CLANG_ENABLE_MODULES = YES;
				CLANG_ENABLE_OBJC_ARC = YES;
				CLANG_ENABLE_OBJC_WEAK = YES;
				CLANG_WARN_BLOCK_CAPTURE_AUTORELEASING = YES;
				CLANG_WARN_BOOL_CONVERSION = YES;
				CLANG_WARN_COMMA = YES;
				CLANG_WARN_CONSTANT_CONVERSION = YES;
				CLANG_WARN_DEPRECATED_OBJC_IMPLEMENTATIONS = YES;
				CLANG_WARN_DIRECT_OBJC_ISA_USAGE = YES_ERROR;
				CLANG_WARN_DOCUMENTATION_COMMENTS = YES;
				CLANG_WARN_EMPTY_BODY = YES;
				CLANG_WARN_ENUM_CONVERSION = YES;
				CLANG_WARN_INFINITE_RECURSION = YES;
				CLANG_WARN_INT_CONVERSION = YES;
				CLANG_WARN_NON_LITERAL_NULL_CONVERSION = YES;
				CLANG_WARN_OBJC_IMPLICIT_RETAIN_SELF = YES;
				CLANG_WARN_OBJC_LITERAL_CONVERSION = YES;
				CLANG_WARN_OBJC_ROOT_CLASS = YES_ERROR;
				CLANG_WARN_RANGE_LOOP_ANALYSIS = YES;
				CLANG_WARN_STRICT_PROTOTYPES = YES;
				CLANG_WARN_SUSPICIOUS_MOVE = YES;
				CLANG_WARN_UNGUARDED_AVAILABILITY = YES_AGGRESSIVE;
				CLANG_WARN_UNREACHABLE_CODE = YES;
				CLANG_WARN__DUPLICATE_METHOD_MATCH = YES;
				CODE_SIGN_IDENTITY = "iPhone Developer";
				COPY_PHASE_STRIP = NO;
				DEBUG_INFORMATION_FORMAT = dwarf;
				ENABLE_STRICT_OBJC_MSGSEND = YES;
				ENABLE_TESTABILITY = YES;
				GCC_C_LANGUAGE_STANDARD = gnu11;
				GCC_DYNAMIC_NO_PIC = NO;
				GCC_NO_COMMON_BLOCKS = YES;
				GCC_OPTIMIZATION_LEVEL = 0;
				GCC_PREPROCESSOR_DEFINITIONS = (
					"DEBUG=1",
					"$(inherited)",
				);
				GCC_WARN_64_TO_32_BIT_CONVERSION = YES;
				GCC_WARN_ABOUT_RETURN_TYPE = YES_ERROR;
				GCC_WARN_UNDECLARED_SELECTOR = YES;
				GCC_WARN_UNINITIALIZED_AUTOS = YES_AGGRESSIVE;
				GCC_WARN_UNUSED_FUNCTION = YES;
				GCC_WARN_UNUSED_VARIABLE = YES;
				IPHONEOS_DEPLOYMENT_TARGET = 12.2;
				MTL_ENABLE_DEBUG_INFO = INCLUDE_SOURCE;
				MTL_FAST_MATH = YES;
				ONLY_ACTIVE_ARCH = YES;
				SDKROOT = iphoneos;
			};
			name = Debug;
		};
		2CD501A822FBF07C0084BB83 /* Release */ = {
			isa = XCBuildConfiguration;
			buildSettings = {
				ALWAYS_SEARCH_USER_PATHS = NO;
				CLANG_ANALYZER_NONNULL = YES;
				CLANG_ANALYZER_NUMBER_OBJECT_CONVERSION = YES_AGGRESSIVE;
				CLANG_CXX_LANGUAGE_STANDARD = "gnu++14";
				CLANG_CXX_LIBRARY = "libc++";
				CLANG_ENABLE_MODULES = YES;
				CLANG_ENABLE_OBJC_ARC = YES;
				CLANG_ENABLE_OBJC_WEAK = YES;
				CLANG_WARN_BLOCK_CAPTURE_AUTORELEASING = YES;
				CLANG_WARN_BOOL_CONVERSION = YES;
				CLANG_WARN_COMMA = YES;
				CLANG_WARN_CONSTANT_CONVERSION = YES;
				CLANG_WARN_DEPRECATED_OBJC_IMPLEMENTATIONS = YES;
				CLANG_WARN_DIRECT_OBJC_ISA_USAGE = YES_ERROR;
				CLANG_WARN_DOCUMENTATION_COMMENTS = YES;
				CLANG_WARN_EMPTY_BODY = YES;
				CLANG_WARN_ENUM_CONVERSION = YES;
				CLANG_WARN_INFINITE_RECURSION = YES;
				CLANG_WARN_INT_CONVERSION = YES;
				CLANG_WARN_NON_LITERAL_NULL_CONVERSION = YES;
				CLANG_WARN_OBJC_IMPLICIT_RETAIN_SELF = YES;
				CLANG_WARN_OBJC_LITERAL_CONVERSION = YES;
				CLANG_WARN_OBJC_ROOT_CLASS = YES_ERROR;
				CLANG_WARN_RANGE_LOOP_ANALYSIS = YES;
				CLANG_WARN_STRICT_PROTOTYPES = YES;
				CLANG_WARN_SUSPICIOUS_MOVE = YES;
				CLANG_WARN_UNGUARDED_AVAILABILITY = YES_AGGRESSIVE;
				CLANG_WARN_UNREACHABLE_CODE = YES;
				CLANG_WARN__DUPLICATE_METHOD_MATCH = YES;
				CODE_SIGN_IDENTITY = "iPhone Developer";
				COPY_PHASE_STRIP = NO;
				DEBUG_INFORMATION_FORMAT = "dwarf-with-dsym";
				ENABLE_NS_ASSERTIONS = NO;
				ENABLE_STRICT_OBJC_MSGSEND = YES;
				GCC_C_LANGUAGE_STANDARD = gnu11;
				GCC_NO_COMMON_BLOCKS = YES;
				GCC_WARN_64_TO_32_BIT_CONVERSION = YES;
				GCC_WARN_ABOUT_RETURN_TYPE = YES_ERROR;
				GCC_WARN_UNDECLARED_SELECTOR = YES;
				GCC_WARN_UNINITIALIZED_AUTOS = YES_AGGRESSIVE;
				GCC_WARN_UNUSED_FUNCTION = YES;
				GCC_WARN_UNUSED_VARIABLE = YES;
				IPHONEOS_DEPLOYMENT_TARGET = 12.2;
				MTL_ENABLE_DEBUG_INFO = NO;
				MTL_FAST_MATH = YES;
				SDKROOT = iphoneos;
				VALIDATE_PRODUCT = YES;
			};
			name = Release;
		};
		2CD501AA22FBF07C0084BB83 /* Debug */ = {
			isa = XCBuildConfiguration;
			buildSettings = {
				ASSETCATALOG_COMPILER_APPICON_NAME = AppIcon;
				CODE_SIGN_STYLE = Automatic;
				DEVELOPMENT_TEAM = XAWR4AU4TQ;
				INFOPLIST_FILE = "DispatchGroup+DispatchSemaphoreDemo/Info.plist";
				LD_RUNPATH_SEARCH_PATHS = (
					"$(inherited)",
					"@executable_path/Frameworks",
				);
				PRODUCT_BUNDLE_IDENTIFIER = "com.jin10.DispatchGroup-DispatchSemaphoreDemo";
				PRODUCT_NAME = "$(TARGET_NAME)";
				TARGETED_DEVICE_FAMILY = "1,2";
			};
			name = Debug;
		};
		2CD501AB22FBF07C0084BB83 /* Release */ = {
			isa = XCBuildConfiguration;
			buildSettings = {
				ASSETCATALOG_COMPILER_APPICON_NAME = AppIcon;
				CODE_SIGN_STYLE = Automatic;
				DEVELOPMENT_TEAM = XAWR4AU4TQ;
				INFOPLIST_FILE = "DispatchGroup+DispatchSemaphoreDemo/Info.plist";
				LD_RUNPATH_SEARCH_PATHS = (
					"$(inherited)",
					"@executable_path/Frameworks",
				);
				PRODUCT_BUNDLE_IDENTIFIER = "com.jin10.DispatchGroup-DispatchSemaphoreDemo";
				PRODUCT_NAME = "$(TARGET_NAME)";
				TARGETED_DEVICE_FAMILY = "1,2";
			};
			name = Release;
		};
/* End XCBuildConfiguration section */

/* Begin XCConfigurationList section */
		2CD5018E22FBF07B0084BB83 /* Build configuration list for PBXProject "DispatchGroup+DispatchSemaphoreDemo" */ = {
			isa = XCConfigurationList;
			buildConfigurations = (
				2CD501A722FBF07C0084BB83 /* Debug */,
				2CD501A822FBF07C0084BB83 /* Release */,
			);
			defaultConfigurationIsVisible = 0;
			defaultConfigurationName = Release;
		};
		2CD501A922FBF07C0084BB83 /* Build configuration list for PBXNativeTarget "DispatchGroup+DispatchSemaphoreDemo" */ = {
			isa = XCConfigurationList;
			buildConfigurations = (
				2CD501AA22FBF07C0084BB83 /* Debug */,
				2CD501AB22FBF07C0084BB83 /* Release */,
			);
			defaultConfigurationIsVisible = 0;
			defaultConfigurationName = Release;
		};
/* End XCConfigurationList section */
	};
	rootObject = 2CD5018B22FBF07B0084BB83 /* Project object */;
}
